
Microsoft Visual Studio Solution File, Format Version 12.00
# Visual Studio 2012
Project("{FAE04EC0-301F-11D3-BF4B-00C04F79EFBC}") = "OOPStarter", "OOPStarter\OOPStarter.csproj", "{37A28F3B-0C0D-4363-8CEA-44920E5D5E45}"
EndProject
Global
	GlobalSection(SolutionConfigurationPlatforms) = preSolution
		Debug|Any CPU = Debug|Any CPU
		Release|Any CPU = Release|Any CPU
	EndGlobalSection
	GlobalSection(ProjectConfigurationPlatforms) = postSolution
		{37A28F3B-0C0D-4363-8CEA-44920E5D5E45}.Debug|Any CPU.ActiveCfg = Debug|Any CPU
		{37A28F3B-0C0D-4363-8CEA-44920E5D5E45}.Debug|Any CPU.Build.0 = Debug|Any CPU
		{37A28F3B-0C0D-4363-8CEA-44920E5D5E45}.Release|Any CPU.ActiveCfg = Release|Any CPU
		{37A28F3B-0C0D-4363-8CEA-44920E5D5E45}.Release|Any CPU.Build.0 = Release|Any CPU
	EndGlobalSection
	GlobalSection(SolutionProperties) = preSolution
		HideSolutionNode = FALSE
	EndGlobalSection
EndGlobal
